
Microsoft Visual Studio Solution File, Format Version 12.00
# Visual Studio 15
VisualStudioVersion = 15.0.27130.2026
MinimumVisualStudioVersion = 10.0.40219.1
Project("{9092AA53-FB77-4645-B42D-1CCCA6BD08BD}") = "EarTrainingApp", "EarTrainingApp\EarTrainingApp.njsproj", "{BF1EF012-273F-460D-9CF2-D871853629D4}"
EndProject
Global
	GlobalSection(SolutionConfigurationPlatforms) = preSolution
		Debug|Any CPU = Debug|Any CPU
		Release|Any CPU = Release|Any CPU
	EndGlobalSection
	GlobalSection(ProjectConfigurationPlatforms) = postSolution
		{BF1EF012-273F-460D-9CF2-D871853629D4}.Debug|Any CPU.ActiveCfg = Debug|Any CPU
		{BF1EF012-273F-460D-9CF2-D871853629D4}.Debug|Any CPU.Build.0 = Debug|Any CPU
		{BF1EF012-273F-460D-9CF2-D871853629D4}.Release|Any CPU.ActiveCfg = Release|Any CPU
		{BF1EF012-273F-460D-9CF2-D871853629D4}.Release|Any CPU.Build.0 = Release|Any CPU
	EndGlobalSection
	GlobalSection(SolutionProperties) = preSolution
		HideSolutionNode = FALSE
	EndGlobalSection
	GlobalSection(ExtensibilityGlobals) = postSolution
		SolutionGuid = {C264E454-6F63-4D3A-92AD-49CB49E1CAA1}
	EndGlobalSection
EndGlobal
